github.com/achedges/go-assertions v1.0.2 h1:Or+Xd0baNr33mpsvvYC2SH3wvHt5zP09NmiRki9DFDQ=
github.com/achedges/go-assertions v1.0.2/go.mod h1:RvWERfkWjpnf4z3Z3UTb9gsTwSo4nBitDRpm1tDl4/k=
github.com/achedges/go-assertions v1.0.3 h1:SvkM1IsCpJFMCWoLtJOKtCI15CcsOLE0yQLVIYqFCJI=
github.com/achedges/go-assertions v1.0.3/go.mod h1:RvWERfkWjpnf4z3Z3UTb9gsTwSo4nBitDRpm1tDl4/k=
github.com/achedges/go-assertions v1.0.4 h1:Itj7vnhzfFETnbNYA6hMhr0b1JzwgPDpI3oeqso8S+4=
github.com/achedges/go-assertions v1.0.4/go.mod h1:RvWERfkWjpnf4z3Z3UTb9gsTwSo4nBitDRpm1tDl4/k=
github.com/achedges/go-assertions v1.0.5 h1:rX0dT8h/XHPu2p160HIlSFNkJyokZRrKK+vHEAy15pU=
github.com/achedges/go-assertions v1.0.5/go.mod h1:RvWERfkWjpnf4z3Z3UTb9gsTwSo4nBitDRpm1tDl4/k=
github.com/achedges/go-assertions v1.0.7 h1:XjuXSKBBLzqSCMaLi5mW9WURRvrs8FRqHErgFniApM4=
github.com/achedges/go-assertions v1.0.7/go.mod h1:RvWERfkWjpnf4z3Z3UTb9gsTwSo4nBitDRpm1tDl4/k=
